git.apache.org/thrift.git v0.13.0 h1:/3bz5WZ+sqYArk7MBBBbDufMxKKOA56/6JO6psDpUDY=
git.apache.org/thrift.git v0.13.0/go.mod h1:fPE2ZNJGynbRyZ4dJvy6G277gSllfV2HJqblrnkyeyg=
github.com/apache/thrift v0.13.0 h1:5hryIiq9gtn+MiLVn0wP37kb/uTeRZgN08WoCsAhIhI=
github.com/apache/thrift v0.13.0/go.mod h1:cp2SuWMxlEZw2r+iP2GNCdIi4C1qmUzdZFSVb+bacwQ=
golang.org/x/sync v0.0.0-20201207232520-09787c993a3a h1:DcqTD9SDLc+1P/r1EmRBwnVsrOwW+kk2vWf9n+1sGhs=
golang.org/x/sync v0.0.0-20201207232520-09787c993a3a/go.mod h1:RxMgew5VJxzue5/jJTE5uejpjVlOe/izrB70Jof72aM=
